
Microsoft Visual Studio Solution File, Format Version 12.00
# Visual Studio Version 17
VisualStudioVersion = 17.14.36511.14
MinimumVisualStudioVersion = 10.0.40219.1
Project("{2150E333-8FDC-42A3-9474-1A3956D46DE8}") = "Services", "Services", "{02EA681E-C7D8-13C7-8484-4AC65E1B71E8}"
EndProject
Project("{2150E333-8FDC-42A3-9474-1A3956D46DE8}") = "Committee", "Committee", "{6C909628-0922-457E-896C-992531BFAB0E}"
EndProject
Project("{FAE04EC0-301F-11D3-BF4B-00C04F79EFBC}") = "CommitteeAPI", "Services\Committee\CommitteeAPI\CommitteeAPI.csproj", "{360EAB5D-529A-496B-9EAC-DF602B7C025C}"
EndProject
Project("{FAE04EC0-301F-11D3-BF4B-00C04F79EFBC}") = "CommitteeCore", "Services\Committee\CommitteeCore\CommitteeCore.csproj", "{0059ABC3-57FB-4E5F-BC3D-646F321003CA}"
EndProject
Project("{FAE04EC0-301F-11D3-BF4B-00C04F79EFBC}") = "CommitteeInfrastructure", "Services\Committee\CommitteeInfrastructure\CommitteeInfrastructure.csproj", "{FFF2F3A7-CAA7-46C5-9D42-31166C9C2028}"
EndProject
Project("{FAE04EC0-301F-11D3-BF4B-00C04F79EFBC}") = "CommitteeApplication", "Services\Committee\CommitteeApplication\CommitteeApplication.csproj", "{96A7CAB0-8BA1-94F2-E905-43EC1ADD65F9}"
EndProject
Project("{2150E333-8FDC-42A3-9474-1A3956D46DE8}") = "UserProfile", "UserProfile", "{AE4FBA43-14CC-4DDB-B398-EFB6365E4B42}"
EndProject
Project("{2150E333-8FDC-42A3-9474-1A3956D46DE8}") = "Authorization", "Authorization", "{1282768C-68FC-4F62-A2E6-74903A198F15}"
EndProject
Project("{2150E333-8FDC-42A3-9474-1A3956D46DE8}") = "ApiGateways", "ApiGateways", "{2E3EED2E-13CF-46AC-83B3-341731283C7B}"
EndProject
Project("{FAE04EC0-301F-11D3-BF4B-00C04F79EFBC}") = "Ocelot.ApiGateway", "ApiGateways\Ocelot.ApiGateway\Ocelot.ApiGateway.csproj", "{C15F1938-5EFE-4C16-9BB9-965B0B0D529F}"
EndProject
Project("{E53339B2-1760-4266-BCC7-CA923CBCF16C}") = "docker-compose", "docker-compose.dcproj", "{81DDED9D-158B-E303-5F62-77A2896D2A5A}"
EndProject
Global
	GlobalSection(SolutionConfigurationPlatforms) = preSolution
		Debug|Any CPU = Debug|Any CPU
		Release|Any CPU = Release|Any CPU
	EndGlobalSection
	GlobalSection(ProjectConfigurationPlatforms) = postSolution
		{360EAB5D-529A-496B-9EAC-DF602B7C025C}.Debug|Any CPU.ActiveCfg = Debug|Any CPU
		{360EAB5D-529A-496B-9EAC-DF602B7C025C}.Debug|Any CPU.Build.0 = Debug|Any CPU
		{360EAB5D-529A-496B-9EAC-DF602B7C025C}.Release|Any CPU.ActiveCfg = Release|Any CPU
		{360EAB5D-529A-496B-9EAC-DF602B7C025C}.Release|Any CPU.Build.0 = Release|Any CPU
		{0059ABC3-57FB-4E5F-BC3D-646F321003CA}.Debug|Any CPU.ActiveCfg = Debug|Any CPU
		{0059ABC3-57FB-4E5F-BC3D-646F321003CA}.Debug|Any CPU.Build.0 = Debug|Any CPU
		{0059ABC3-57FB-4E5F-BC3D-646F321003CA}.Release|Any CPU.ActiveCfg = Release|Any CPU
		{0059ABC3-57FB-4E5F-BC3D-646F321003CA}.Release|Any CPU.Build.0 = Release|Any CPU
		{FFF2F3A7-CAA7-46C5-9D42-31166C9C2028}.Debug|Any CPU.ActiveCfg = Debug|Any CPU
		{FFF2F3A7-CAA7-46C5-9D42-31166C9C2028}.Debug|Any CPU.Build.0 = Debug|Any CPU
		{FFF2F3A7-CAA7-46C5-9D42-31166C9C2028}.Release|Any CPU.ActiveCfg = Release|Any CPU
		{FFF2F3A7-CAA7-46C5-9D42-31166C9C2028}.Release|Any CPU.Build.0 = Release|Any CPU
		{96A7CAB0-8BA1-94F2-E905-43EC1ADD65F9}.Debug|Any CPU.ActiveCfg = Debug|Any CPU
		{96A7CAB0-8BA1-94F2-E905-43EC1ADD65F9}.Debug|Any CPU.Build.0 = Debug|Any CPU
		{96A7CAB0-8BA1-94F2-E905-43EC1ADD65F9}.Release|Any CPU.ActiveCfg = Release|Any CPU
		{96A7CAB0-8BA1-94F2-E905-43EC1ADD65F9}.Release|Any CPU.Build.0 = Release|Any CPU
		{C15F1938-5EFE-4C16-9BB9-965B0B0D529F}.Debug|Any CPU.ActiveCfg = Debug|Any CPU
		{C15F1938-5EFE-4C16-9BB9-965B0B0D529F}.Debug|Any CPU.Build.0 = Debug|Any CPU
		{C15F1938-5EFE-4C16-9BB9-965B0B0D529F}.Release|Any CPU.ActiveCfg = Release|Any CPU
		{C15F1938-5EFE-4C16-9BB9-965B0B0D529F}.Release|Any CPU.Build.0 = Release|Any CPU
		{81DDED9D-158B-E303-5F62-77A2896D2A5A}.Debug|Any CPU.ActiveCfg = Debug|Any CPU
		{81DDED9D-158B-E303-5F62-77A2896D2A5A}.Debug|Any CPU.Build.0 = Debug|Any CPU
		{81DDED9D-158B-E303-5F62-77A2896D2A5A}.Release|Any CPU.ActiveCfg = Release|Any CPU
		{81DDED9D-158B-E303-5F62-77A2896D2A5A}.Release|Any CPU.Build.0 = Release|Any CPU
	EndGlobalSection
	GlobalSection(SolutionProperties) = preSolution
		HideSolutionNode = FALSE
	EndGlobalSection
	GlobalSection(NestedProjects) = preSolution
		{6C909628-0922-457E-896C-992531BFAB0E} = {02EA681E-C7D8-13C7-8484-4AC65E1B71E8}
		{360EAB5D-529A-496B-9EAC-DF602B7C025C} = {6C909628-0922-457E-896C-992531BFAB0E}
		{0059ABC3-57FB-4E5F-BC3D-646F321003CA} = {6C909628-0922-457E-896C-992531BFAB0E}
		{FFF2F3A7-CAA7-46C5-9D42-31166C9C2028} = {6C909628-0922-457E-896C-992531BFAB0E}
		{96A7CAB0-8BA1-94F2-E905-43EC1ADD65F9} = {6C909628-0922-457E-896C-992531BFAB0E}
		{AE4FBA43-14CC-4DDB-B398-EFB6365E4B42} = {02EA681E-C7D8-13C7-8484-4AC65E1B71E8}
		{1282768C-68FC-4F62-A2E6-74903A198F15} = {02EA681E-C7D8-13C7-8484-4AC65E1B71E8}
		{C15F1938-5EFE-4C16-9BB9-965B0B0D529F} = {2E3EED2E-13CF-46AC-83B3-341731283C7B}
	EndGlobalSection
	GlobalSection(ExtensibilityGlobals) = postSolution
		SolutionGuid = {7E123947-6567-4F1D-A6D7-83A427CADDA2}
	EndGlobalSection
EndGlobal
