
Microsoft Visual Studio Solution File, Format Version 12.00
# Visual Studio Version 17
VisualStudioVersion = 17.14.36511.14
MinimumVisualStudioVersion = 10.0.40219.1
Project("{2150E333-8FDC-42A3-9474-1A3956D46DE8}") = "Services", "Services", "{02EA681E-C7D8-13C7-8484-4AC65E1B71E8}"
EndProject
Project("{2150E333-8FDC-42A3-9474-1A3956D46DE8}") = "Committee", "Committee", "{6C909628-0922-457E-896C-992531BFAB0E}"
EndProject
Project("{FAE04EC0-301F-11D3-BF4B-00C04F79EFBC}") = "CommitteeAPI", "Services\Committee\CommitteeAPI\CommitteeAPI.csproj", "{360EAB5D-529A-496B-9EAC-DF602B7C025C}"
EndProject
Project("{FAE04EC0-301F-11D3-BF4B-00C04F79EFBC}") = "CommitteeCore", "Services\Committee\CommitteeCore\CommitteeCore.csproj", "{0059ABC3-57FB-4E5F-BC3D-646F321003CA}"
EndProject
Project("{FAE04EC0-301F-11D3-BF4B-00C04F79EFBC}") = "CommitteeInfrastructure", "Services\Committee\CommitteeInfrastructure\CommitteeInfrastructure.csproj", "{FFF2F3A7-CAA7-46C5-9D42-31166C9C2028}"
EndProject
Project("{FAE04EC0-301F-11D3-BF4B-00C04F79EFBC}") = "CommitteeApplication", "Services\Committee\CommitteeApplication\CommitteeApplication.csproj", "{96A7CAB0-8BA1-94F2-E905-43EC1ADD65F9}"
EndProject
Project("{2150E333-8FDC-42A3-9474-1A3956D46DE8}") = "ApiGateways", "ApiGateways", "{2E3EED2E-13CF-46AC-83B3-341731283C7B}"
EndProject
Project("{E53339B2-1760-4266-BCC7-CA923CBCF16C}") = "docker-compose", "docker-compose.dcproj", "{81DDED9D-158B-E303-5F62-77A2896D2A5A}"
EndProject
Project("{FAE04EC0-301F-11D3-BF4B-00C04F79EFBC}") = "OcelotApiGateway", "ApiGateways\OcelotApiGateway\OcelotApiGateway.csproj", "{778B9833-3CC7-45F7-93A8-4C85451295CB}"
EndProject
Project("{2150E333-8FDC-42A3-9474-1A3956D46DE8}") = "BuildingBlocks", "BuildingBlocks", "{3EA2317E-ADFA-4152-97D0-84FE6E691F9C}"
EndProject
Project("{2150E333-8FDC-42A3-9474-1A3956D46DE8}") = "Identity", "Identity", "{BFA62A96-EAA2-4571-AD12-4EADC8BD08CF}"
EndProject
Project("{FAE04EC0-301F-11D3-BF4B-00C04F79EFBC}") = "Identity.API", "Services\Identity\Identity.API\Identity.API.csproj", "{B3E02418-4614-4243-B3CA-893B1042F9EF}"
EndProject
Project("{FAE04EC0-301F-11D3-BF4B-00C04F79EFBC}") = "Identity.Application", "Services\Identity\Identity.Application\Identity.Application.csproj", "{BCBE011C-C536-40D4-8B31-140CF1FA133D}"
EndProject
Project("{FAE04EC0-301F-11D3-BF4B-00C04F79EFBC}") = "Identity.Core", "Services\Identity\Identity.Core\Identity.Core.csproj", "{C5A3AFA4-68CB-42EC-BAC0-142AD410AE88}"
EndProject
Project("{FAE04EC0-301F-11D3-BF4B-00C04F79EFBC}") = "Identity.Infrastructure", "Services\Identity\Identity.Infrastructure\Identity.Infrastructure.csproj", "{288203EC-6E2B-4858-BE2B-9C517EDF8554}"
EndProject
Project("{2150E333-8FDC-42A3-9474-1A3956D46DE8}") = "Audit", "Audit", "{1C46066D-11AB-47E9-8A97-C6AF23109C5C}"
EndProject
Project("{2150E333-8FDC-42A3-9474-1A3956D46DE8}") = "Meeting", "Meeting", "{1873D111-3861-405D-9B6C-C1C8C2B4C950}"
EndProject
Project("{FAE04EC0-301F-11D3-BF4B-00C04F79EFBC}") = "MeetingAPI", "Services\Meeting\MeetingAPI\MeetingAPI.csproj", "{97F51417-7246-4A6C-982E-65D05F51EBF4}"
EndProject
Project("{FAE04EC0-301F-11D3-BF4B-00C04F79EFBC}") = "MeetingApplication", "Services\Meeting\MeetingApplication\MeetingApplication.csproj", "{B0337C99-318B-4CC2-9393-37AC8978E581}"
EndProject
Project("{FAE04EC0-301F-11D3-BF4B-00C04F79EFBC}") = "MeetingCore", "Services\Meeting\MeetingCore\MeetingCore.csproj", "{543524B3-33AD-4027-A690-5BB11B1885F8}"
EndProject
Project("{FAE04EC0-301F-11D3-BF4B-00C04F79EFBC}") = "MeetingInfrastructure", "Services\Meeting\MeetingInfrastructure\MeetingInfrastructure.csproj", "{619AF2CE-7425-4EC3-AB3F-2409122D6477}"
EndProject
Project("{2150E333-8FDC-42A3-9474-1A3956D46DE8}") = "Integration", "Integration", "{EB09CA12-1C59-4BD5-91A3-85C226E5414F}"
EndProject
Project("{2150E333-8FDC-42A3-9474-1A3956D46DE8}") = "Notification", "Notification", "{C95D566A-23D6-4A04-910C-3414A6A97031}"
EndProject
Project("{2150E333-8FDC-42A3-9474-1A3956D46DE8}") = "Task", "Task", "{3E1C461B-FE07-4CCC-AC80-C9035731F7C1}"
EndProject
Project("{2150E333-8FDC-42A3-9474-1A3956D46DE8}") = "Decision", "Decision", "{435F7A0C-971E-44B2-9B68-26929096C295}"
EndProject
Project("{FAE04EC0-301F-11D3-BF4B-00C04F79EFBC}") = "BuildingBlocks.Contracts", "BuildingBlocks\BuildingBlocks.Contracts\BuildingBlocks.Contracts.csproj", "{75AEFBC9-51EE-4F1C-956D-54757939A2A7}"
EndProject
Project("{FAE04EC0-301F-11D3-BF4B-00C04F79EFBC}") = "BuildingBlocks.Messaging", "BuildingBlocks\BuildingBlocks.Messaging\BuildingBlocks.Messaging.csproj", "{728FFA20-9440-4F56-84CB-A32809B85AAA}"
EndProject
Project("{FAE04EC0-301F-11D3-BF4B-00C04F79EFBC}") = "NotificationService", "Services\Notification\NotificationService\NotificationService.csproj", "{A4A45FE1-A6B0-4B8D-AF04-361ACDBFA882}"
EndProject
Project("{FAE04EC0-301F-11D3-BF4B-00C04F79EFBC}") = "Audit.API", "Services\Audit\Audit.API\Audit.API.csproj", "{14E994A3-BDD8-48FE-8C0A-0441AD878D9E}"
EndProject
Project("{FAE04EC0-301F-11D3-BF4B-00C04F79EFBC}") = "Audit.Application", "Services\Audit\Audit.Application\Audit.Application.csproj", "{2763D8FC-15CB-4E27-9CC2-3C374D3BC9F2}"
EndProject
Project("{FAE04EC0-301F-11D3-BF4B-00C04F79EFBC}") = "Audit.Domain", "Services\Audit\Audit.Domain\Audit.Domain.csproj", "{21A6D8BA-F8AD-4609-8E89-C9FF756C39DF}"
EndProject
Project("{FAE04EC0-301F-11D3-BF4B-00C04F79EFBC}") = "Audit.Infrastructure", "Services\Audit\Audit.Infrastructure\Audit.Infrastructure.csproj", "{E5B50D52-FAF6-4C1C-8DE8-93DEC3232DE3}"
EndProject
Project("{FAE04EC0-301F-11D3-BF4B-00C04F79EFBC}") = "BuildingBlocks.Infrastructure", "BuildingBlocks\BuildingBlocks.Infrastructure\BuildingBlocks.Infrastructure.csproj", "{99AD4CB2-43A2-497A-8F47-E0764EDF2F7A}"
EndProject
Project("{FAE04EC0-301F-11D3-BF4B-00C04F79EFBC}") = "TaskAPI", "Services\Task\TaskAPI\TaskAPI.csproj", "{43898128-FA8B-4061-AA7B-B29412E94782}"
EndProject
Project("{FAE04EC0-301F-11D3-BF4B-00C04F79EFBC}") = "TaskApplication", "Services\Task\TaskApplication\TaskApplication.csproj", "{35E6241D-7C47-4594-BDB0-5668436AF934}"
EndProject
Project("{FAE04EC0-301F-11D3-BF4B-00C04F79EFBC}") = "TaskCore", "Services\Task\TaskCore\TaskCore.csproj", "{D5784CB2-A595-4F74-9D73-E18507B86864}"
EndProject
Project("{FAE04EC0-301F-11D3-BF4B-00C04F79EFBC}") = "TaskInfrastructure", "Services\Task\TaskInfrastructure\TaskInfrastructure.csproj", "{7836D5C0-B5FB-4383-8487-FB10421AD0E7}"
EndProject
Project("{FAE04EC0-301F-11D3-BF4B-00C04F79EFBC}") = "DecisionAPI", "Services\Decision\DecisionAPI\DecisionAPI.csproj", "{33E7C22C-EC07-4776-9F9F-E4D630D12CAC}"
EndProject
Project("{FAE04EC0-301F-11D3-BF4B-00C04F79EFBC}") = "DecisionApplication", "Services\Decision\DecisionApplication\DecisionApplication.csproj", "{557C81D5-D5FA-46D7-AA12-2FDC7D6D3DA6}"
EndProject
Project("{FAE04EC0-301F-11D3-BF4B-00C04F79EFBC}") = "DecisionCore", "Services\Decision\DecisionCore\DecisionCore.csproj", "{A93D83B3-ACF0-4548-8ACE-3DF06069E755}"
EndProject
Project("{FAE04EC0-301F-11D3-BF4B-00C04F79EFBC}") = "DecisionInfrastructure", "Services\Decision\DecisionInfrastructure\DecisionInfrastructure.csproj", "{8B4F01A6-E231-46AA-966D-88268A9E2751}"
EndProject
Project("{FAE04EC0-301F-11D3-BF4B-00C04F79EFBC}") = "BuildingBlocks.Shared", "BuildingBlocks\BuildingBlocks.Shared\BuildingBlocks.Shared.csproj", "{518BAB8B-A6EA-4881-ACA8-DF521C56B63F}"
EndProject
Project("{2150E333-8FDC-42A3-9474-1A3956D46DE8}") = "Monitoring", "Monitoring", "{D4493084-7762-4502-B35D-340DBDE97E9F}"
EndProject
Global
	GlobalSection(SolutionConfigurationPlatforms) = preSolution
		Debug|Any CPU = Debug|Any CPU
		Release|Any CPU = Release|Any CPU
	EndGlobalSection
	GlobalSection(ProjectConfigurationPlatforms) = postSolution
		{360EAB5D-529A-496B-9EAC-DF602B7C025C}.Debug|Any CPU.ActiveCfg = Debug|Any CPU
		{360EAB5D-529A-496B-9EAC-DF602B7C025C}.Debug|Any CPU.Build.0 = Debug|Any CPU
		{360EAB5D-529A-496B-9EAC-DF602B7C025C}.Release|Any CPU.ActiveCfg = Release|Any CPU
		{360EAB5D-529A-496B-9EAC-DF602B7C025C}.Release|Any CPU.Build.0 = Release|Any CPU
		{0059ABC3-57FB-4E5F-BC3D-646F321003CA}.Debug|Any CPU.ActiveCfg = Debug|Any CPU
		{0059ABC3-57FB-4E5F-BC3D-646F321003CA}.Debug|Any CPU.Build.0 = Debug|Any CPU
		{0059ABC3-57FB-4E5F-BC3D-646F321003CA}.Release|Any CPU.ActiveCfg = Release|Any CPU
		{0059ABC3-57FB-4E5F-BC3D-646F321003CA}.Release|Any CPU.Build.0 = Release|Any CPU
		{FFF2F3A7-CAA7-46C5-9D42-31166C9C2028}.Debug|Any CPU.ActiveCfg = Debug|Any CPU
		{FFF2F3A7-CAA7-46C5-9D42-31166C9C2028}.Debug|Any CPU.Build.0 = Debug|Any CPU
		{FFF2F3A7-CAA7-46C5-9D42-31166C9C2028}.Release|Any CPU.ActiveCfg = Release|Any CPU
		{FFF2F3A7-CAA7-46C5-9D42-31166C9C2028}.Release|Any CPU.Build.0 = Release|Any CPU
		{96A7CAB0-8BA1-94F2-E905-43EC1ADD65F9}.Debug|Any CPU.ActiveCfg = Debug|Any CPU
		{96A7CAB0-8BA1-94F2-E905-43EC1ADD65F9}.Debug|Any CPU.Build.0 = Debug|Any CPU
		{96A7CAB0-8BA1-94F2-E905-43EC1ADD65F9}.Release|Any CPU.ActiveCfg = Release|Any CPU
		{96A7CAB0-8BA1-94F2-E905-43EC1ADD65F9}.Release|Any CPU.Build.0 = Release|Any CPU
		{81DDED9D-158B-E303-5F62-77A2896D2A5A}.Debug|Any CPU.ActiveCfg = Debug|Any CPU
		{81DDED9D-158B-E303-5F62-77A2896D2A5A}.Debug|Any CPU.Build.0 = Debug|Any CPU
		{81DDED9D-158B-E303-5F62-77A2896D2A5A}.Release|Any CPU.ActiveCfg = Release|Any CPU
		{81DDED9D-158B-E303-5F62-77A2896D2A5A}.Release|Any CPU.Build.0 = Release|Any CPU
		{778B9833-3CC7-45F7-93A8-4C85451295CB}.Debug|Any CPU.ActiveCfg = Debug|Any CPU
		{778B9833-3CC7-45F7-93A8-4C85451295CB}.Debug|Any CPU.Build.0 = Debug|Any CPU
		{778B9833-3CC7-45F7-93A8-4C85451295CB}.Release|Any CPU.ActiveCfg = Release|Any CPU
		{778B9833-3CC7-45F7-93A8-4C85451295CB}.Release|Any CPU.Build.0 = Release|Any CPU
		{B3E02418-4614-4243-B3CA-893B1042F9EF}.Debug|Any CPU.ActiveCfg = Debug|Any CPU
		{B3E02418-4614-4243-B3CA-893B1042F9EF}.Debug|Any CPU.Build.0 = Debug|Any CPU
		{B3E02418-4614-4243-B3CA-893B1042F9EF}.Release|Any CPU.ActiveCfg = Release|Any CPU
		{B3E02418-4614-4243-B3CA-893B1042F9EF}.Release|Any CPU.Build.0 = Release|Any CPU
		{BCBE011C-C536-40D4-8B31-140CF1FA133D}.Debug|Any CPU.ActiveCfg = Debug|Any CPU
		{BCBE011C-C536-40D4-8B31-140CF1FA133D}.Debug|Any CPU.Build.0 = Debug|Any CPU
		{BCBE011C-C536-40D4-8B31-140CF1FA133D}.Release|Any CPU.ActiveCfg = Release|Any CPU
		{BCBE011C-C536-40D4-8B31-140CF1FA133D}.Release|Any CPU.Build.0 = Release|Any CPU
		{C5A3AFA4-68CB-42EC-BAC0-142AD410AE88}.Debug|Any CPU.ActiveCfg = Debug|Any CPU
		{C5A3AFA4-68CB-42EC-BAC0-142AD410AE88}.Debug|Any CPU.Build.0 = Debug|Any CPU
		{C5A3AFA4-68CB-42EC-BAC0-142AD410AE88}.Release|Any CPU.ActiveCfg = Release|Any CPU
		{C5A3AFA4-68CB-42EC-BAC0-142AD410AE88}.Release|Any CPU.Build.0 = Release|Any CPU
		{288203EC-6E2B-4858-BE2B-9C517EDF8554}.Debug|Any CPU.ActiveCfg = Debug|Any CPU
		{288203EC-6E2B-4858-BE2B-9C517EDF8554}.Debug|Any CPU.Build.0 = Debug|Any CPU
		{288203EC-6E2B-4858-BE2B-9C517EDF8554}.Release|Any CPU.ActiveCfg = Release|Any CPU
		{288203EC-6E2B-4858-BE2B-9C517EDF8554}.Release|Any CPU.Build.0 = Release|Any CPU
		{97F51417-7246-4A6C-982E-65D05F51EBF4}.Debug|Any CPU.ActiveCfg = Debug|Any CPU
		{97F51417-7246-4A6C-982E-65D05F51EBF4}.Debug|Any CPU.Build.0 = Debug|Any CPU
		{97F51417-7246-4A6C-982E-65D05F51EBF4}.Release|Any CPU.ActiveCfg = Release|Any CPU
		{97F51417-7246-4A6C-982E-65D05F51EBF4}.Release|Any CPU.Build.0 = Release|Any CPU
		{B0337C99-318B-4CC2-9393-37AC8978E581}.Debug|Any CPU.ActiveCfg = Debug|Any CPU
		{B0337C99-318B-4CC2-9393-37AC8978E581}.Debug|Any CPU.Build.0 = Debug|Any CPU
		{B0337C99-318B-4CC2-9393-37AC8978E581}.Release|Any CPU.ActiveCfg = Release|Any CPU
		{B0337C99-318B-4CC2-9393-37AC8978E581}.Release|Any CPU.Build.0 = Release|Any CPU
		{543524B3-33AD-4027-A690-5BB11B1885F8}.Debug|Any CPU.ActiveCfg = Debug|Any CPU
		{543524B3-33AD-4027-A690-5BB11B1885F8}.Debug|Any CPU.Build.0 = Debug|Any CPU
		{543524B3-33AD-4027-A690-5BB11B1885F8}.Release|Any CPU.ActiveCfg = Release|Any CPU
		{543524B3-33AD-4027-A690-5BB11B1885F8}.Release|Any CPU.Build.0 = Release|Any CPU
		{619AF2CE-7425-4EC3-AB3F-2409122D6477}.Debug|Any CPU.ActiveCfg = Debug|Any CPU
		{619AF2CE-7425-4EC3-AB3F-2409122D6477}.Debug|Any CPU.Build.0 = Debug|Any CPU
		{619AF2CE-7425-4EC3-AB3F-2409122D6477}.Release|Any CPU.ActiveCfg = Release|Any CPU
		{619AF2CE-7425-4EC3-AB3F-2409122D6477}.Release|Any CPU.Build.0 = Release|Any CPU
		{75AEFBC9-51EE-4F1C-956D-54757939A2A7}.Debug|Any CPU.ActiveCfg = Debug|Any CPU
		{75AEFBC9-51EE-4F1C-956D-54757939A2A7}.Debug|Any CPU.Build.0 = Debug|Any CPU
		{75AEFBC9-51EE-4F1C-956D-54757939A2A7}.Release|Any CPU.ActiveCfg = Release|Any CPU
		{75AEFBC9-51EE-4F1C-956D-54757939A2A7}.Release|Any CPU.Build.0 = Release|Any CPU
		{728FFA20-9440-4F56-84CB-A32809B85AAA}.Debug|Any CPU.ActiveCfg = Debug|Any CPU
		{728FFA20-9440-4F56-84CB-A32809B85AAA}.Debug|Any CPU.Build.0 = Debug|Any CPU
		{728FFA20-9440-4F56-84CB-A32809B85AAA}.Release|Any CPU.ActiveCfg = Release|Any CPU
		{728FFA20-9440-4F56-84CB-A32809B85AAA}.Release|Any CPU.Build.0 = Release|Any CPU
		{A4A45FE1-A6B0-4B8D-AF04-361ACDBFA882}.Debug|Any CPU.ActiveCfg = Debug|Any CPU
		{A4A45FE1-A6B0-4B8D-AF04-361ACDBFA882}.Debug|Any CPU.Build.0 = Debug|Any CPU
		{A4A45FE1-A6B0-4B8D-AF04-361ACDBFA882}.Release|Any CPU.ActiveCfg = Release|Any CPU
		{A4A45FE1-A6B0-4B8D-AF04-361ACDBFA882}.Release|Any CPU.Build.0 = Release|Any CPU
		{14E994A3-BDD8-48FE-8C0A-0441AD878D9E}.Debug|Any CPU.ActiveCfg = Debug|Any CPU
		{14E994A3-BDD8-48FE-8C0A-0441AD878D9E}.Debug|Any CPU.Build.0 = Debug|Any CPU
		{14E994A3-BDD8-48FE-8C0A-0441AD878D9E}.Release|Any CPU.ActiveCfg = Release|Any CPU
		{14E994A3-BDD8-48FE-8C0A-0441AD878D9E}.Release|Any CPU.Build.0 = Release|Any CPU
		{2763D8FC-15CB-4E27-9CC2-3C374D3BC9F2}.Debug|Any CPU.ActiveCfg = Debug|Any CPU
		{2763D8FC-15CB-4E27-9CC2-3C374D3BC9F2}.Debug|Any CPU.Build.0 = Debug|Any CPU
		{2763D8FC-15CB-4E27-9CC2-3C374D3BC9F2}.Release|Any CPU.ActiveCfg = Release|Any CPU
		{2763D8FC-15CB-4E27-9CC2-3C374D3BC9F2}.Release|Any CPU.Build.0 = Release|Any CPU
		{21A6D8BA-F8AD-4609-8E89-C9FF756C39DF}.Debug|Any CPU.ActiveCfg = Debug|Any CPU
		{21A6D8BA-F8AD-4609-8E89-C9FF756C39DF}.Debug|Any CPU.Build.0 = Debug|Any CPU
		{21A6D8BA-F8AD-4609-8E89-C9FF756C39DF}.Release|Any CPU.ActiveCfg = Release|Any CPU
		{21A6D8BA-F8AD-4609-8E89-C9FF756C39DF}.Release|Any CPU.Build.0 = Release|Any CPU
		{E5B50D52-FAF6-4C1C-8DE8-93DEC3232DE3}.Debug|Any CPU.ActiveCfg = Debug|Any CPU
		{E5B50D52-FAF6-4C1C-8DE8-93DEC3232DE3}.Debug|Any CPU.Build.0 = Debug|Any CPU
		{E5B50D52-FAF6-4C1C-8DE8-93DEC3232DE3}.Release|Any CPU.ActiveCfg = Release|Any CPU
		{E5B50D52-FAF6-4C1C-8DE8-93DEC3232DE3}.Release|Any CPU.Build.0 = Release|Any CPU
		{99AD4CB2-43A2-497A-8F47-E0764EDF2F7A}.Debug|Any CPU.ActiveCfg = Debug|Any CPU
		{99AD4CB2-43A2-497A-8F47-E0764EDF2F7A}.Debug|Any CPU.Build.0 = Debug|Any CPU
		{99AD4CB2-43A2-497A-8F47-E0764EDF2F7A}.Release|Any CPU.ActiveCfg = Release|Any CPU
		{99AD4CB2-43A2-497A-8F47-E0764EDF2F7A}.Release|Any CPU.Build.0 = Release|Any CPU
		{43898128-FA8B-4061-AA7B-B29412E94782}.Debug|Any CPU.ActiveCfg = Debug|Any CPU
		{43898128-FA8B-4061-AA7B-B29412E94782}.Debug|Any CPU.Build.0 = Debug|Any CPU
		{43898128-FA8B-4061-AA7B-B29412E94782}.Release|Any CPU.ActiveCfg = Release|Any CPU
		{43898128-FA8B-4061-AA7B-B29412E94782}.Release|Any CPU.Build.0 = Release|Any CPU
		{35E6241D-7C47-4594-BDB0-5668436AF934}.Debug|Any CPU.ActiveCfg = Debug|Any CPU
		{35E6241D-7C47-4594-BDB0-5668436AF934}.Debug|Any CPU.Build.0 = Debug|Any CPU
		{35E6241D-7C47-4594-BDB0-5668436AF934}.Release|Any CPU.ActiveCfg = Release|Any CPU
		{35E6241D-7C47-4594-BDB0-5668436AF934}.Release|Any CPU.Build.0 = Release|Any CPU
		{D5784CB2-A595-4F74-9D73-E18507B86864}.Debug|Any CPU.ActiveCfg = Debug|Any CPU
		{D5784CB2-A595-4F74-9D73-E18507B86864}.Debug|Any CPU.Build.0 = Debug|Any CPU
		{D5784CB2-A595-4F74-9D73-E18507B86864}.Release|Any CPU.ActiveCfg = Release|Any CPU
		{D5784CB2-A595-4F74-9D73-E18507B86864}.Release|Any CPU.Build.0 = Release|Any CPU
		{7836D5C0-B5FB-4383-8487-FB10421AD0E7}.Debug|Any CPU.ActiveCfg = Debug|Any CPU
		{7836D5C0-B5FB-4383-8487-FB10421AD0E7}.Debug|Any CPU.Build.0 = Debug|Any CPU
		{7836D5C0-B5FB-4383-8487-FB10421AD0E7}.Release|Any CPU.ActiveCfg = Release|Any CPU
		{7836D5C0-B5FB-4383-8487-FB10421AD0E7}.Release|Any CPU.Build.0 = Release|Any CPU
		{33E7C22C-EC07-4776-9F9F-E4D630D12CAC}.Debug|Any CPU.ActiveCfg = Debug|Any CPU
		{33E7C22C-EC07-4776-9F9F-E4D630D12CAC}.Debug|Any CPU.Build.0 = Debug|Any CPU
		{33E7C22C-EC07-4776-9F9F-E4D630D12CAC}.Release|Any CPU.ActiveCfg = Release|Any CPU
		{33E7C22C-EC07-4776-9F9F-E4D630D12CAC}.Release|Any CPU.Build.0 = Release|Any CPU
		{557C81D5-D5FA-46D7-AA12-2FDC7D6D3DA6}.Debug|Any CPU.ActiveCfg = Debug|Any CPU
		{557C81D5-D5FA-46D7-AA12-2FDC7D6D3DA6}.Debug|Any CPU.Build.0 = Debug|Any CPU
		{557C81D5-D5FA-46D7-AA12-2FDC7D6D3DA6}.Release|Any CPU.ActiveCfg = Release|Any CPU
		{557C81D5-D5FA-46D7-AA12-2FDC7D6D3DA6}.Release|Any CPU.Build.0 = Release|Any CPU
		{A93D83B3-ACF0-4548-8ACE-3DF06069E755}.Debug|Any CPU.ActiveCfg = Debug|Any CPU
		{A93D83B3-ACF0-4548-8ACE-3DF06069E755}.Debug|Any CPU.Build.0 = Debug|Any CPU
		{A93D83B3-ACF0-4548-8ACE-3DF06069E755}.Release|Any CPU.ActiveCfg = Release|Any CPU
		{A93D83B3-ACF0-4548-8ACE-3DF06069E755}.Release|Any CPU.Build.0 = Release|Any CPU
		{8B4F01A6-E231-46AA-966D-88268A9E2751}.Debug|Any CPU.ActiveCfg = Debug|Any CPU
		{8B4F01A6-E231-46AA-966D-88268A9E2751}.Debug|Any CPU.Build.0 = Debug|Any CPU
		{8B4F01A6-E231-46AA-966D-88268A9E2751}.Release|Any CPU.ActiveCfg = Release|Any CPU
		{8B4F01A6-E231-46AA-966D-88268A9E2751}.Release|Any CPU.Build.0 = Release|Any CPU
		{518BAB8B-A6EA-4881-ACA8-DF521C56B63F}.Debug|Any CPU.ActiveCfg = Debug|Any CPU
		{518BAB8B-A6EA-4881-ACA8-DF521C56B63F}.Debug|Any CPU.Build.0 = Debug|Any CPU
		{518BAB8B-A6EA-4881-ACA8-DF521C56B63F}.Release|Any CPU.ActiveCfg = Release|Any CPU
		{518BAB8B-A6EA-4881-ACA8-DF521C56B63F}.Release|Any CPU.Build.0 = Release|Any CPU
	EndGlobalSection
	GlobalSection(SolutionProperties) = preSolution
		HideSolutionNode = FALSE
	EndGlobalSection
	GlobalSection(NestedProjects) = preSolution
		{6C909628-0922-457E-896C-992531BFAB0E} = {02EA681E-C7D8-13C7-8484-4AC65E1B71E8}
		{360EAB5D-529A-496B-9EAC-DF602B7C025C} = {6C909628-0922-457E-896C-992531BFAB0E}
		{0059ABC3-57FB-4E5F-BC3D-646F321003CA} = {6C909628-0922-457E-896C-992531BFAB0E}
		{FFF2F3A7-CAA7-46C5-9D42-31166C9C2028} = {6C909628-0922-457E-896C-992531BFAB0E}
		{96A7CAB0-8BA1-94F2-E905-43EC1ADD65F9} = {6C909628-0922-457E-896C-992531BFAB0E}
		{778B9833-3CC7-45F7-93A8-4C85451295CB} = {2E3EED2E-13CF-46AC-83B3-341731283C7B}
		{BFA62A96-EAA2-4571-AD12-4EADC8BD08CF} = {02EA681E-C7D8-13C7-8484-4AC65E1B71E8}
		{B3E02418-4614-4243-B3CA-893B1042F9EF} = {BFA62A96-EAA2-4571-AD12-4EADC8BD08CF}
		{BCBE011C-C536-40D4-8B31-140CF1FA133D} = {BFA62A96-EAA2-4571-AD12-4EADC8BD08CF}
		{C5A3AFA4-68CB-42EC-BAC0-142AD410AE88} = {BFA62A96-EAA2-4571-AD12-4EADC8BD08CF}
		{288203EC-6E2B-4858-BE2B-9C517EDF8554} = {BFA62A96-EAA2-4571-AD12-4EADC8BD08CF}
		{1C46066D-11AB-47E9-8A97-C6AF23109C5C} = {02EA681E-C7D8-13C7-8484-4AC65E1B71E8}
		{1873D111-3861-405D-9B6C-C1C8C2B4C950} = {02EA681E-C7D8-13C7-8484-4AC65E1B71E8}
		{97F51417-7246-4A6C-982E-65D05F51EBF4} = {1873D111-3861-405D-9B6C-C1C8C2B4C950}
		{B0337C99-318B-4CC2-9393-37AC8978E581} = {1873D111-3861-405D-9B6C-C1C8C2B4C950}
		{543524B3-33AD-4027-A690-5BB11B1885F8} = {1873D111-3861-405D-9B6C-C1C8C2B4C950}
		{619AF2CE-7425-4EC3-AB3F-2409122D6477} = {1873D111-3861-405D-9B6C-C1C8C2B4C950}
		{EB09CA12-1C59-4BD5-91A3-85C226E5414F} = {02EA681E-C7D8-13C7-8484-4AC65E1B71E8}
		{C95D566A-23D6-4A04-910C-3414A6A97031} = {02EA681E-C7D8-13C7-8484-4AC65E1B71E8}
		{3E1C461B-FE07-4CCC-AC80-C9035731F7C1} = {02EA681E-C7D8-13C7-8484-4AC65E1B71E8}
		{435F7A0C-971E-44B2-9B68-26929096C295} = {02EA681E-C7D8-13C7-8484-4AC65E1B71E8}
		{75AEFBC9-51EE-4F1C-956D-54757939A2A7} = {3EA2317E-ADFA-4152-97D0-84FE6E691F9C}
		{728FFA20-9440-4F56-84CB-A32809B85AAA} = {3EA2317E-ADFA-4152-97D0-84FE6E691F9C}
		{A4A45FE1-A6B0-4B8D-AF04-361ACDBFA882} = {C95D566A-23D6-4A04-910C-3414A6A97031}
		{14E994A3-BDD8-48FE-8C0A-0441AD878D9E} = {1C46066D-11AB-47E9-8A97-C6AF23109C5C}
		{2763D8FC-15CB-4E27-9CC2-3C374D3BC9F2} = {1C46066D-11AB-47E9-8A97-C6AF23109C5C}
		{21A6D8BA-F8AD-4609-8E89-C9FF756C39DF} = {1C46066D-11AB-47E9-8A97-C6AF23109C5C}
		{E5B50D52-FAF6-4C1C-8DE8-93DEC3232DE3} = {1C46066D-11AB-47E9-8A97-C6AF23109C5C}
		{99AD4CB2-43A2-497A-8F47-E0764EDF2F7A} = {3EA2317E-ADFA-4152-97D0-84FE6E691F9C}
		{43898128-FA8B-4061-AA7B-B29412E94782} = {3E1C461B-FE07-4CCC-AC80-C9035731F7C1}
		{35E6241D-7C47-4594-BDB0-5668436AF934} = {3E1C461B-FE07-4CCC-AC80-C9035731F7C1}
		{D5784CB2-A595-4F74-9D73-E18507B86864} = {3E1C461B-FE07-4CCC-AC80-C9035731F7C1}
		{7836D5C0-B5FB-4383-8487-FB10421AD0E7} = {3E1C461B-FE07-4CCC-AC80-C9035731F7C1}
		{33E7C22C-EC07-4776-9F9F-E4D630D12CAC} = {435F7A0C-971E-44B2-9B68-26929096C295}
		{557C81D5-D5FA-46D7-AA12-2FDC7D6D3DA6} = {435F7A0C-971E-44B2-9B68-26929096C295}
		{A93D83B3-ACF0-4548-8ACE-3DF06069E755} = {435F7A0C-971E-44B2-9B68-26929096C295}
		{8B4F01A6-E231-46AA-966D-88268A9E2751} = {435F7A0C-971E-44B2-9B68-26929096C295}
		{518BAB8B-A6EA-4881-ACA8-DF521C56B63F} = {3EA2317E-ADFA-4152-97D0-84FE6E691F9C}
		{D4493084-7762-4502-B35D-340DBDE97E9F} = {02EA681E-C7D8-13C7-8484-4AC65E1B71E8}
	EndGlobalSection
	GlobalSection(ExtensibilityGlobals) = postSolution
		SolutionGuid = {7E123947-6567-4F1D-A6D7-83A427CADDA2}
	EndGlobalSection
EndGlobal
